
Microsoft Visual Studio Solution File, Format Version 12.00
Project("{FAE04EC0-301F-11D3-BF4B-00C04F79EFBC}") = "Codewars", "Codewars\Codewars.csproj", "{39B08481-706A-4AF7-A42A-E4872D761E90}"
EndProject
Project("{FAE04EC0-301F-11D3-BF4B-00C04F79EFBC}") = "Codewars.Tests", "Codewars.Tests\Codewars.Tests.csproj", "{8D864D7F-5278-4A4D-B0E7-5655EA8CE15A}"
EndProject
Global
	GlobalSection(SolutionConfigurationPlatforms) = preSolution
		Debug|Any CPU = Debug|Any CPU
		Release|Any CPU = Release|Any CPU
	EndGlobalSection
	GlobalSection(ProjectConfigurationPlatforms) = postSolution
		{39B08481-706A-4AF7-A42A-E4872D761E90}.Debug|Any CPU.ActiveCfg = Debug|Any CPU
		{39B08481-706A-4AF7-A42A-E4872D761E90}.Debug|Any CPU.Build.0 = Debug|Any CPU
		{39B08481-706A-4AF7-A42A-E4872D761E90}.Release|Any CPU.ActiveCfg = Release|Any CPU
		{39B08481-706A-4AF7-A42A-E4872D761E90}.Release|Any CPU.Build.0 = Release|Any CPU
		{8D864D7F-5278-4A4D-B0E7-5655EA8CE15A}.Debug|Any CPU.ActiveCfg = Debug|Any CPU
		{8D864D7F-5278-4A4D-B0E7-5655EA8CE15A}.Debug|Any CPU.Build.0 = Debug|Any CPU
		{8D864D7F-5278-4A4D-B0E7-5655EA8CE15A}.Release|Any CPU.ActiveCfg = Release|Any CPU
		{8D864D7F-5278-4A4D-B0E7-5655EA8CE15A}.Release|Any CPU.Build.0 = Release|Any CPU
	EndGlobalSection
EndGlobal
